// !$*UTF8*$!
{
	archiveVersion = 1;
	classes = {
	};
	objectVersion = 46;
	objects = {

/* Begin PBXBuildFile section */
		FD4015101D6AA3620012610A /* main.m in Sources */ = {isa = PBXBuildFile; fileRef = FD40150F1D6AA3620012610A /* main.m */; };
		FD4015131D6AA3620012610A /* AppDelegate.m in Sources */ = {isa = PBXBuildFile; fileRef = FD4015121D6AA3620012610A /* AppDelegate.m */; };
		FD4015161D6AA3620012610A /* FirstViewController.m in Sources */ = {isa = PBXBuildFile; fileRef = FD4015151D6AA3620012610A /* FirstViewController.m */; };
		FD4015191D6AA3620012610A /* SecondViewController.m in Sources */ = {isa = PBXBuildFile; fileRef = FD4015181D6AA3620012610A /* SecondViewController.m */; };
		FD40151C1D6AA3620012610A /* Main.storyboard in Resources */ = {isa = PBXBuildFile; fileRef = FD40151A1D6AA3620012610A /* Main.storyboard */; };
		FD40151E1D6AA3620012610A /* Assets.xcassets in Resources */ = {isa = PBXBuildFile; fileRef = FD40151D1D6AA3620012610A /* Assets.xcassets */; };
		FD4015211D6AA3620012610A /* LaunchScreen.storyboard in Resources */ = {isa = PBXBuildFile; fileRef = FD40151F1D6AA3620012610A /* LaunchScreen.storyboard */; };
/* End PBXBuildFile section */

/* Begin PBXFileReference section */
		FD40150B1D6AA3620012610A /* PayPasswordView.app */ = {isa = PBXFileReference; explicitFileType = wrapper.application; includeInIndex = 0; path = PayPasswordView.app; sourceTree = BUILT_PRODUCTS_DIR; };
		FD40150F1D6AA3620012610A /* main.m */ = {isa = PBXFileReference; lastKnownFileType = sourcecode.c.objc; path = main.m; sourceTree = "<group>"; };
		FD4015111D6AA3620012610A /* AppDelegate.h */ = {isa = PBXFileReference; lastKnownFileType = sourcecode.c.h; path = AppDelegate.h; sourceTree = "<group>"; };
		FD4015121D6AA3620012610A /* AppDelegate.m */ = {isa = PBXFileReference; lastKnownFileType = sourcecode.c.objc; path = AppDelegate.m; sourceTree = "<group>"; };
		FD4015141D6AA3620012610A /* FirstViewController.h */ = {isa = PBXFileReference; lastKnownFileType = sourcecode.c.h; path = FirstViewController.h; sourceTree = "<group>"; };
		FD4015151D6AA3620012610A /* FirstViewController.m */ = {isa = PBXFileReference; lastKnownFileType = sourcecode.c.objc; path = FirstViewController.m; sourceTree = "<group>"; };
		FD4015171D6AA3620012610A /* SecondViewController.h */ = {isa = PBXFileReference; lastKnownFileType = sourcecode.c.h; path = SecondViewController.h; sourceTree = "<group>"; };
		FD4015181D6AA3620012610A /* SecondViewController.m */ = {isa = PBXFileReference; lastKnownFileType = sourcecode.c.objc; path = SecondViewController.m; sourceTree = "<group>"; };
		FD40151B1D6AA3620012610A /* Base */ = {isa = PBXFileReference; lastKnownFileType = file.storyboard; name = Base; path = Base.lproj/Main.storyboard; sourceTree = "<group>"; };
		FD40151D1D6AA3620012610A /* Assets.xcassets */ = {isa = PBXFileReference; lastKnownFileType = folder.assetcatalog; path = Assets.xcassets; sourceTree = "<group>"; };
		FD4015201D6AA3620012610A /* Base */ = {isa = PBXFileReference; lastKnownFileType = file.storyboard; name = Base; path = Base.lproj/LaunchScreen.storyboard; sourceTree = "<group>"; };
		FD4015221D6AA3620012610A /* Info.plist */ = {isa = PBXFileReference; lastKnownFileType = text.plist.xml; path = Info.plist; sourceTree = "<group>"; };
/* End PBXFileReference section */

/* Begin PBXFrameworksBuildPhase section */
		FD4015081D6AA3620012610A /* Frameworks */ = {
			isa = PBXFrameworksBuildPhase;
			buildActionMask = 2147483647;
			files = (
			);
			runOnlyForDeploymentPostprocessing = 0;
		};
/* End PBXFrameworksBuildPhase section */

/* Begin PBXGroup section */
		FD4015021D6AA3620012610A = {
			isa = PBXGroup;
			children = (
				FD40150D1D6AA3620012610A /* PayPasswordView */,
				FD40150C1D6AA3620012610A /* Products */,
			);
			sourceTree = "<group>";
		};
		FD40150C1D6AA3620012610A /* Products */ = {
			isa = PBXGroup;
			children = (
				FD40150B1D6AA3620012610A /* PayPasswordView.app */,
			);
			name = Products;
			sourceTree = "<group>";
		};
		FD40150D1D6AA3620012610A /* PayPasswordView */ = {
			isa = PBXGroup;
			children = (
				FD4015111D6AA3620012610A /* AppDelegate.h */,
				FD4015121D6AA3620012610A /* AppDelegate.m */,
				FD4015141D6AA3620012610A /* FirstViewController.h */,
				FD4015151D6AA3620012610A /* FirstViewController.m */,
				FD4015171D6AA3620012610A /* SecondViewController.h */,
				FD4015181D6AA3620012610A /* SecondViewController.m */,
				FD40151A1D6AA3620012610A /* Main.storyboard */,
				FD40151D1D6AA3620012610A /* Assets.xcassets */,
				FD40151F1D6AA3620012610A /* LaunchScreen.storyboard */,
				FD4015221D6AA3620012610A /* Info.plist */,
				FD40150E1D6AA3620012610A /* Supporting Files */,
			);
			path = PayPasswordView;
			sourceTree = "<group>";
		};
		FD40150E1D6AA3620012610A /* Supporting Files */ = {
			isa = PBXGroup;
			children = (
				FD40150F1D6AA3620012610A /* main.m */,
			);
			name = "Supporting Files";
			sourceTree = "<group>";
		};
/* End PBXGroup section */

/* Begin PBXNativeTarget section */
		FD40150A1D6AA3620012610A /* PayPasswordView */ = {
			isa = PBXNativeTarget;
			buildConfigurationList = FD4015251D6AA3620012610A /* Build configuration list for PBXNativeTarget "PayPasswordView" */;
			buildPhases = (
				FD4015071D6AA3620012610A /* Sources */,
				FD4015081D6AA3620012610A /* Frameworks */,
				FD4015091D6AA3620012610A /* Resources */,
			);
			buildRules = (
			);
			dependencies = (
			);
			name = PayPasswordView;
			productName = PayPasswordView;
			productReference = FD40150B1D6AA3620012610A /* PayPasswordView.app */;
			productType = "com.apple.product-type.application";
		};
/* End PBXNativeTarget section */

/* Begin PBXProject section */
		FD4015031D6AA3620012610A /* Project object */ = {
			isa = PBXProject;
			attributes = {
				LastUpgradeCheck = 0730;
				ORGANIZATIONNAME = wanglibank;
				TargetAttributes = {
					FD40150A1D6AA3620012610A = {
						CreatedOnToolsVersion = 7.3;
					};
				};
			};
			buildConfigurationList = FD4015061D6AA3620012610A /* Build configuration list for PBXProject "PayPasswordView" */;
			compatibilityVersion = "Xcode 3.2";
			developmentRegion = English;
			hasScannedForEncodings = 0;
			knownRegions = (
				en,
				Base,
			);
			mainGroup = FD4015021D6AA3620012610A;
			productRefGroup = FD40150C1D6AA3620012610A /* Products */;
			projectDirPath = "";
			projectRoot = "";
			targets = (
				FD40150A1D6AA3620012610A /* PayPasswordView */,
			);
		};
/* End PBXProject section */

/* Begin PBXResourcesBuildPhase section */
		FD4015091D6AA3620012610A /* Resources */ = {
			isa = PBXResourcesBuildPhase;
			buildActionMask = 2147483647;
			files = (
				FD4015211D6AA3620012610A /* LaunchScreen.storyboard in Resources */,
				FD40151E1D6AA3620012610A /* Assets.xcassets in Resources */,
				FD40151C1D6AA3620012610A /* Main.storyboard in Resources */,
			);
			runOnlyForDeploymentPostprocessing = 0;
		};
/* End PBXResourcesBuildPhase section */

/* Begin PBXSourcesBuildPhase section */
		FD4015071D6AA3620012610A /* Sources */ = {
			isa = PBXSourcesBuildPhase;
			buildActionMask = 2147483647;
			files = (
				FD4015191D6AA3620012610A /* SecondViewController.m in Sources */,
				FD4015131D6AA3620012610A /* AppDelegate.m in Sources */,
				FD4015161D6AA3620012610A /* FirstViewController.m in Sources */,
				FD4015101D6AA3620012610A /* main.m in Sources */,
			);
			runOnlyForDeploymentPostprocessing = 0;
		};
/* End PBXSourcesBuildPhase section */

/* Begin PBXVariantGroup section */
		FD40151A1D6AA3620012610A /* Main.storyboard */ = {
			isa = PBXVariantGroup;
			children = (
				FD40151B1D6AA3620012610A /* Base */,
			);
			name = Main.storyboard;
			sourceTree = "<group>";
		};
		FD40151F1D6AA3620012610A /* LaunchScreen.storyboard */ = {
			isa = PBXVariantGroup;
			children = (
				FD4015201D6AA3620012610A /* Base */,
			);
			name = LaunchScreen.storyboard;
			sourceTree = "<group>";
		};
/* End PBXVariantGroup section */

/* Begin XCBuildConfiguration section */
		FD4015231D6AA3620012610A /* Debug */ = {
			isa = XCBuildConfiguration;
			buildSettings = {
				ALWAYS_SEARCH_USER_PATHS = NO;
				CLANG_ANALYZER_NONNULL = YES;
				CLANG_CXX_LANGUAGE_STANDARD = "gnu++0x";
				CLANG_CXX_LIBRARY = "libc++";
				CLANG_ENABLE_MODULES = YES;
				CLANG_ENABLE_OBJC_ARC = YES;
				CLANG_WARN_BOOL_CONVERSION = YES;
				CLANG_WARN_CONSTANT_CONVERSION = YES;
				CLANG_WARN_DIRECT_OBJC_ISA_USAGE = YES_ERROR;
				CLANG_WARN_EMPTY_BODY = YES;
				CLANG_WARN_ENUM_CONVERSION = YES;
				CLANG_WARN_INT_CONVERSION = YES;
				CLANG_WARN_OBJC_ROOT_CLASS = YES_ERROR;
				CLANG_WARN_UNREACHABLE_CODE = YES;
				CLANG_WARN__DUPLICATE_METHOD_MATCH = YES;
				"CODE_SIGN_IDENTITY[sdk=iphoneos*]" = "iPhone Developer";
				COPY_PHASE_STRIP = NO;
				DEBUG_INFORMATION_FORMAT = dwarf;
				ENABLE_STRICT_OBJC_MSGSEND = YES;
				ENABLE_TESTABILITY = YES;
				GCC_C_LANGUAGE_STANDARD = gnu99;
				GCC_DYNAMIC_NO_PIC = NO;
				GCC_NO_COMMON_BLOCKS = YES;
				GCC_OPTIMIZATION_LEVEL = 0;
				GCC_PREPROCESSOR_DEFINITIONS = (
					"DEBUG=1",
					"$(inherited)",
				);
				GCC_WARN_64_TO_32_BIT_CONVERSION = YES;
				GCC_WARN_ABOUT_RETURN_TYPE = YES_ERROR;
				GCC_WARN_UNDECLARED_SELECTOR = YES;
				GCC_WARN_UNINITIALIZED_AUTOS = YES_AGGRESSIVE;
				GCC_WARN_UNUSED_FUNCTION = YES;
				GCC_WARN_UNUSED_VARIABLE = YES;
				IPHONEOS_DEPLOYMENT_TARGET = 9.3;
				MTL_ENABLE_DEBUG_INFO = YES;
				ONLY_ACTIVE_ARCH = YES;
				SDKROOT = iphoneos;
			};
			name = Debug;
		};
		FD4015241D6AA3620012610A /* Release */ = {
			isa = XCBuildConfiguration;
			buildSettings = {
				ALWAYS_SEARCH_USER_PATHS = NO;
				CLANG_ANALYZER_NONNULL = YES;
				CLANG_CXX_LANGUAGE_STANDARD = "gnu++0x";
				CLANG_CXX_LIBRARY = "libc++";
				CLANG_ENABLE_MODULES = YES;
				CLANG_ENABLE_OBJC_ARC = YES;
				CLANG_WARN_BOOL_CONVERSION = YES;
				CLANG_WARN_CONSTANT_CONVERSION = YES;
				CLANG_WARN_DIRECT_OBJC_ISA_USAGE = YES_ERROR;
				CLANG_WARN_EMPTY_BODY = YES;
				CLANG_WARN_ENUM_CONVERSION = YES;
				CLANG_WARN_INT_CONVERSION = YES;
				CLANG_WARN_OBJC_ROOT_CLASS = YES_ERROR;
				CLANG_WARN_UNREACHABLE_CODE = YES;
				CLANG_WARN__DUPLICATE_METHOD_MATCH = YES;
				"CODE_SIGN_IDENTITY[sdk=iphoneos*]" = "iPhone Developer";
				COPY_PHASE_STRIP = NO;
				DEBUG_INFORMATION_FORMAT = "dwarf-with-dsym";
				ENABLE_NS_ASSERTIONS = NO;
				ENABLE_STRICT_OBJC_MSGSEND = YES;
				GCC_C_LANGUAGE_STANDARD = gnu99;
				GCC_NO_COMMON_BLOCKS = YES;
				GCC_WARN_64_TO_32_BIT_CONVERSION = YES;
				GCC_WARN_ABOUT_RETURN_TYPE = YES_ERROR;
				GCC_WARN_UNDECLARED_SELECTOR = YES;
				GCC_WARN_UNINITIALIZED_AUTOS = YES_AGGRESSIVE;
				GCC_WARN_UNUSED_FUNCTION = YES;
				GCC_WARN_UNUSED_VARIABLE = YES;
				IPHONEOS_DEPLOYMENT_TARGET = 9.3;
				MTL_ENABLE_DEBUG_INFO = NO;
				SDKROOT = iphoneos;
				VALIDATE_PRODUCT = YES;
			};
			name = Release;
		};
		FD4015261D6AA3620012610A /* Debug */ = {
			isa = XCBuildConfiguration;
			buildSettings = {
				ASSETCATALOG_COMPILER_APPICON_NAME = AppIcon;
				INFOPLIST_FILE = PayPasswordView/Info.plist;
				LD_RUNPATH_SEARCH_PATHS = "$(inherited) @executable_path/Frameworks";
				PRODUCT_BUNDLE_IDENTIFIER = com.wanglibank.PayPasswordView;
				PRODUCT_NAME = "$(TARGET_NAME)";
			};
			name = Debug;
		};
		FD4015271D6AA3620012610A /* Release */ = {
			isa = XCBuildConfiguration;
			buildSettings = {
				ASSETCATALOG_COMPILER_APPICON_NAME = AppIcon;
				INFOPLIST_FILE = PayPasswordView/Info.plist;
				LD_RUNPATH_SEARCH_PATHS = "$(inherited) @executable_path/Frameworks";
				PRODUCT_BUNDLE_IDENTIFIER = com.wanglibank.PayPasswordView;
				PRODUCT_NAME = "$(TARGET_NAME)";
			};
			name = Release;
		};
/* End XCBuildConfiguration section */

/* Begin XCConfigurationList section */
		FD4015061D6AA3620012610A /* Build configuration list for PBXProject "PayPasswordView" */ = {
			isa = XCConfigurationList;
			buildConfigurations = (
				FD4015231D6AA3620012610A /* Debug */,
				FD4015241D6AA3620012610A /* Release */,
			);
			defaultConfigurationIsVisible = 0;
			defaultConfigurationName = Release;
		};
		FD4015251D6AA3620012610A /* Build configuration list for PBXNativeTarget "PayPasswordView" */ = {
			isa = XCConfigurationList;
			buildConfigurations = (
				FD4015261D6AA3620012610A /* Debug */,
				FD4015271D6AA3620012610A /* Release */,
			);
			defaultConfigurationIsVisible = 0;
		};
/* End XCConfigurationList section */
	};
	rootObject = FD4015031D6AA3620012610A /* Project object */;
}
